# Generated by pub
# See https://dart.dev/tools/pub/glossary#lockfile
packages:
  archive:
    dependency: transitive
    description:
      name: archive
      sha256: cb6a278ef2dbb298455e1a713bda08524a175630ec643a242c399c932a0a1f7d
      url: "https://pub.dev"
    source: hosted
    version: "3.6.1"
  args:
    dependency: transitive
    description:
      name: args
      sha256: "7cf60b9f0cc88203c5a190b4cd62a99feea42759a7fa695010eb5de1c0b2252a"
      url: "https://pub.dev"
    source: hosted
    version: "2.5.0"
  async:
    dependency: transitive
    description:
      name: async
      sha256: d2872f9c19731c2e5f10444b14686eb7cc85c76274bd6c16e1816bff9a3bab63
      url: "https://pub.dev"
    source: hosted
    version: "2.12.0"
  auto_size_text:
    dependency: "direct main"
    description:
      name: auto_size_text
      sha256: "3f5261cd3fb5f2a9ab4e2fc3fba84fd9fcaac8821f20a1d4e71f557521b22599"
      url: "https://pub.dev"
    source: hosted
    version: "3.0.0"
  bloc:
    dependency: transitive
    description:
      name: bloc
      sha256: "52c10575f4445c61dd9e0cafcc6356fdd827c4c64dd7945ef3c4105f6b6ac189"
      url: "https://pub.dev"
    source: hosted
    version: "9.0.0"
  boolean_selector:
    dependency: transitive
    description:
      name: boolean_selector
      sha256: "8aab1771e1243a5063b8b0ff68042d67334e3feab9e95b9490f9a6ebf73b42ea"
      url: "https://pub.dev"
    source: hosted
    version: "2.1.2"
  cached_network_image:
    dependency: "direct main"
    description:
      name: cached_network_image
      sha256: "7c1183e361e5c8b0a0f21a28401eecdbde252441106a9816400dd4c2b2424916"
      url: "https://pub.dev"
    source: hosted
    version: "3.4.1"
  cached_network_image_platform_interface:
    dependency: transitive
    description:
      name: cached_network_image_platform_interface
      sha256: "35814b016e37fbdc91f7ae18c8caf49ba5c88501813f73ce8a07027a395e2829"
      url: "https://pub.dev"
    source: hosted
    version: "4.1.1"
  cached_network_image_web:
    dependency: transitive
    description:
      name: cached_network_image_web
      sha256: "980842f4e8e2535b8dbd3d5ca0b1f0ba66bf61d14cc3a17a9b4788a3685ba062"
      url: "https://pub.dev"
    source: hosted
    version: "1.3.1"
  calendar_date_picker2:
    dependency: "direct main"
    description:
      name: calendar_date_picker2
      sha256: "7b5f20f2a02768df70b3d1fb181c217ab9f8992f39fd6c3fc2ff95b0885820a2"
      url: "https://pub.dev"
    source: hosted
    version: "1.1.9"
  characters:
    dependency: transitive
    description:
      name: characters
      sha256: f71061c654a3380576a52b451dd5532377954cf9dbd272a78fc8479606670803
      url: "https://pub.dev"
    source: hosted
    version: "1.4.0"
  cli_util:
    dependency: transitive
    description:
      name: cli_util
      sha256: c05b7406fdabc7a49a3929d4af76bcaccbbffcbcdcf185b082e1ae07da323d19
      url: "https://pub.dev"
    source: hosted
    version: "0.4.1"
  clock:
    dependency: transitive
    description:
      name: clock
      sha256: fddb70d9b5277016c77a80201021d40a2247104d9f4aa7bab7157b7e3f05b84b
      url: "https://pub.dev"
    source: hosted
    version: "1.1.2"
  collection:
    dependency: transitive
    description:
      name: collection
      sha256: "2f5709ae4d3d59dd8f7cd309b4e023046b57d8a6c82130785d2b0e5868084e76"
      url: "https://pub.dev"
    source: hosted
    version: "1.19.1"
  console:
    dependency: transitive
    description:
      name: console
      sha256: e04e7824384c5b39389acdd6dc7d33f3efe6b232f6f16d7626f194f6a01ad69a
      url: "https://pub.dev"
    source: hosted
    version: "4.1.0"
  cross_file:
    dependency: transitive
    description:
      name: cross_file
      sha256: "7caf6a750a0c04effbb52a676dce9a4a592e10ad35c34d6d2d0e4811160d5670"
      url: "https://pub.dev"
    source: hosted
    version: "0.3.4+2"
  crypto:
    dependency: transitive
    description:
      name: crypto
      sha256: ff625774173754681d66daaf4a448684fb04b78f902da9cb3d308c19cc5e8bab
      url: "https://pub.dev"
    source: hosted
    version: "3.0.3"
  cupertino_icons:
    dependency: "direct main"
    description:
      name: cupertino_icons
      sha256: ba631d1c7f7bef6b729a622b7b752645a2d076dba9976925b8f25725a30e1ee6
      url: "https://pub.dev"
    source: hosted
    version: "1.0.8"
  dbus:
    dependency: transitive
    description:
      name: dbus
      sha256: "79e0c23480ff85dc68de79e2cd6334add97e48f7f4865d17686dd6ea81a47e8c"
      url: "https://pub.dev"
    source: hosted
    version: "0.7.11"
  drag_and_drop_lists:
    dependency: "direct main"
    description:
      name: drag_and_drop_lists
      sha256: "83fab4a9d4d99d9c683858ac5e1975028d87aa796bf68bfd654b19154004b6bb"
      url: "https://pub.dev"
    source: hosted
    version: "0.4.1"
  equatable:
    dependency: transitive
    description:
      name: equatable
      sha256: "567c64b3cb4cf82397aac55f4f0cbd3ca20d77c6c03bedbc4ceaddc08904aef7"
      url: "https://pub.dev"
    source: hosted
    version: "2.0.7"
  fake_async:
    dependency: transitive
    description:
      name: fake_async
      sha256: "6a95e56b2449df2273fd8c45a662d6947ce1ebb7aafe80e550a3f68297f3cacc"
      url: "https://pub.dev"
    source: hosted
    version: "1.3.2"
  ffi:
    dependency: transitive
    description:
      name: ffi
      sha256: "289279317b4b16eb2bb7e271abccd4bf84ec9bdcbe999e278a94b804f5630418"
      url: "https://pub.dev"
    source: hosted
    version: "2.1.4"
  file:
    dependency: transitive
    description:
      name: file
      sha256: a3b4f84adafef897088c160faf7dfffb7696046cb13ae90b508c2cbc95d3b8d4
      url: "https://pub.dev"
    source: hosted
    version: "7.0.1"
  file_picker:
    dependency: "direct main"
    description:
      name: file_picker
      sha256: "36a1652d99cb6bf8ccc8b9f43aded1fd60b234d23ce78af422c07f950a436ef7"
      url: "https://pub.dev"
    source: hosted
    version: "10.0.0"
  fixnum:
    dependency: transitive
    description:
      name: fixnum
      sha256: b6dc7065e46c974bc7c5f143080a6764ec7a4be6da1285ececdc37be96de53be
      url: "https://pub.dev"
    source: hosted
    version: "1.1.1"
  fl_chart:
    dependency: "direct main"
    description:
      name: fl_chart
      sha256: d0f0d49112f2f4b192481c16d05b6418bd7820e021e265a3c22db98acf7ed7fb
      url: "https://pub.dev"
    source: hosted
    version: "0.68.0"
  flutter:
    dependency: "direct main"
    description: flutter
    source: sdk
    version: "0.0.0"
  flutter_bloc:
    dependency: transitive
    description:
      name: flutter_bloc
      sha256: "1046d719fbdf230330d3443187cc33cc11963d15c9089f6cc56faa42a4c5f0cc"
      url: "https://pub.dev"
    source: hosted
    version: "9.1.0"
  flutter_cache_manager:
    dependency: transitive
    description:
      name: flutter_cache_manager
      sha256: "400b6592f16a4409a7f2bb929a9a7e38c72cceb8ffb99ee57bbf2cb2cecf8386"
      url: "https://pub.dev"
    source: hosted
    version: "3.4.1"
  flutter_colorpicker:
    dependency: "direct main"
    description:
      name: flutter_colorpicker
      sha256: "969de5f6f9e2a570ac660fb7b501551451ea2a1ab9e2097e89475f60e07816ea"
      url: "https://pub.dev"
    source: hosted
    version: "1.1.0"
  flutter_lints:
    dependency: "direct dev"
    description:
      name: flutter_lints
      sha256: "3f41d009ba7172d5ff9be5f6e6e6abb4300e263aab8866d2a0842ed2a70f8f0c"
      url: "https://pub.dev"
    source: hosted
    version: "4.0.0"
  flutter_local_notifications:
    dependency: "direct main"
    description:
      name: flutter_local_notifications
      sha256: d59eeafd6df92174b1d5f68fc9d66634c97ce2e7cfe2293476236547bb19bbbd
      url: "https://pub.dev"
    source: hosted
    version: "19.0.0"
  flutter_local_notifications_linux:
    dependency: transitive
    description:
      name: flutter_local_notifications_linux
      sha256: e3c277b2daab8e36ac5a6820536668d07e83851aeeb79c446e525a70710770a5
      url: "https://pub.dev"
    source: hosted
    version: "6.0.0"
  flutter_local_notifications_platform_interface:
    dependency: transitive
    description:
      name: flutter_local_notifications_platform_interface
      sha256: "2569b973fc9d1f63a37410a9f7c1c552081226c597190cb359ef5d5762d1631c"
      url: "https://pub.dev"
    source: hosted
    version: "9.0.0"
  flutter_local_notifications_windows:
    dependency: transitive
    description:
      name: flutter_local_notifications_windows
      sha256: f8fc0652a601f83419d623c85723a3e82ad81f92b33eaa9bcc21ea1b94773e6e
      url: "https://pub.dev"
    source: hosted
    version: "1.0.0"
  flutter_plugin_android_lifecycle:
    dependency: transitive
    description:
      name: flutter_plugin_android_lifecycle
      sha256: "5a1e6fb2c0561958d7e4c33574674bda7b77caaca7a33b758876956f2902eea3"
      url: "https://pub.dev"
    source: hosted
    version: "2.0.27"
  flutter_responsive_helper:
    dependency: "direct main"
    description:
      name: flutter_responsive_helper
      sha256: "2872810725b90db2ecdb466f8f5a047999cdf77d11d84a4933e72da84ff7e2d9"
      url: "https://pub.dev"
    source: hosted
    version: "1.0.2"
  flutter_svg:
    dependency: "direct main"
    description:
      name: flutter_svg
      sha256: "7b4ca6cf3304575fe9c8ec64813c8d02ee41d2afe60bcfe0678bcb5375d596a2"
      url: "https://pub.dev"
    source: hosted
    version: "2.0.10+1"
  flutter_test:
    dependency: "direct dev"
    description: flutter
    source: sdk
    version: "0.0.0"
  flutter_timezone:
    dependency: "direct main"
    description:
      name: flutter_timezone
      sha256: bc286cecb0366d88e6c4644e3962ebd1ce1d233abc658eb1e0cd803389f84b64
      url: "https://pub.dev"
    source: hosted
    version: "4.1.0"
  flutter_web_plugins:
    dependency: transitive
    description: flutter
    source: sdk
    version: "0.0.0"
  get:
    dependency: "direct main"
    description:
      name: get
      sha256: e4e7335ede17452b391ed3b2ede016545706c01a02292a6c97619705e7d2a85e
      url: "https://pub.dev"
    source: hosted
    version: "4.6.6"
  get_it:
    dependency: transitive
    description:
      name: get_it
      sha256: d85128a5dae4ea777324730dc65edd9c9f43155c109d5cc0a69cab74139fbac1
      url: "https://pub.dev"
    source: hosted
    version: "7.7.0"
  http:
    dependency: transitive
    description:
      name: http
      sha256: b9c29a161230ee03d3ccf545097fccd9b87a5264228c5d348202e0f0c28f9010
      url: "https://pub.dev"
    source: hosted
    version: "1.2.2"
  http_parser:
    dependency: transitive
    description:
      name: http_parser
      sha256: "2aa08ce0341cc9b354a498388e30986515406668dbcc4f7c950c3e715496693b"
      url: "https://pub.dev"
    source: hosted
    version: "4.0.2"
  humanize_duration:
    dependency: "direct main"
    description:
      name: humanize_duration
      sha256: a9fb33b18d028aa2ffd1731af25f59cfcb3c1c2af673cf73fffc7f9a42b2f57e
      url: "https://pub.dev"
    source: hosted
    version: "0.0.2"
  image:
    dependency: transitive
    description:
      name: image
      sha256: "2237616a36c0d69aef7549ab439b833fb7f9fb9fc861af2cc9ac3eedddd69ca8"
      url: "https://pub.dev"
    source: hosted
    version: "4.2.0"
  intl:
    dependency: "direct main"
    description:
      name: intl
      sha256: d6f56758b7d3014a48af9701c085700aac781a92a87a62b1333b46d8879661cf
      url: "https://pub.dev"
    source: hosted
    version: "0.19.0"
  leak_tracker:
    dependency: transitive
    description:
      name: leak_tracker
      sha256: c35baad643ba394b40aac41080300150a4f08fd0fd6a10378f8f7c6bc161acec
      url: "https://pub.dev"
    source: hosted
    version: "10.0.8"
  leak_tracker_flutter_testing:
    dependency: transitive
    description:
      name: leak_tracker_flutter_testing
      sha256: f8b613e7e6a13ec79cfdc0e97638fddb3ab848452eff057653abd3edba760573
      url: "https://pub.dev"
    source: hosted
    version: "3.0.9"
  leak_tracker_testing:
    dependency: transitive
    description:
      name: leak_tracker_testing
      sha256: "6ba465d5d76e67ddf503e1161d1f4a6bc42306f9d66ca1e8f079a47290fb06d3"
      url: "https://pub.dev"
    source: hosted
    version: "3.0.1"
  lints:
    dependency: transitive
    description:
      name: lints
      sha256: "976c774dd944a42e83e2467f4cc670daef7eed6295b10b36ae8c85bcbf828235"
      url: "https://pub.dev"
    source: hosted
    version: "4.0.0"
  matcher:
    dependency: transitive
    description:
      name: matcher
      sha256: dc58c723c3c24bf8d3e2d3ad3f2f9d7bd9cf43ec6feaa64181775e60190153f2
      url: "https://pub.dev"
    source: hosted
    version: "0.12.17"
  material_color_utilities:
    dependency: transitive
    description:
      name: material_color_utilities
      sha256: f7142bb1154231d7ea5f96bc7bde4bda2a0945d2806bb11670e30b850d56bdec
      url: "https://pub.dev"
    source: hosted
    version: "0.11.1"
  meta:
    dependency: transitive
    description:
      name: meta
      sha256: e3641ec5d63ebf0d9b41bd43201a66e3fc79a65db5f61fc181f04cd27aab950c
      url: "https://pub.dev"
    source: hosted
    version: "1.16.0"
  msix:
    dependency: "direct dev"
    description:
      name: msix
      sha256: "519b183d15dc9f9c594f247e2d2339d855cf0eaacc30e19b128e14f3ecc62047"
      url: "https://pub.dev"
    source: hosted
    version: "3.16.7"
  multi_dropdown:
    dependency: "direct main"
    description:
      name: multi_dropdown
      sha256: da25f6defdc62aaf8ce0842d31ff7875fad29aeb13f5b2de9e157a06d53f4b74
      url: "https://pub.dev"
    source: hosted
    version: "3.0.1"
  nested:
    dependency: transitive
    description:
      name: nested
      sha256: "03bac4c528c64c95c722ec99280375a6f2fc708eec17c7b3f07253b626cd2a20"
      url: "https://pub.dev"
    source: hosted
    version: "1.0.0"
  octo_image:
    dependency: transitive
    description:
      name: octo_image
      sha256: "34faa6639a78c7e3cbe79be6f9f96535867e879748ade7d17c9b1ae7536293bd"
      url: "https://pub.dev"
    source: hosted
    version: "2.1.0"
  omni_datetime_picker:
    dependency: "direct main"
    description:
      name: omni_datetime_picker
      sha256: aff5d88385226ba36901e8e8a3ec70cb6bd5e71beb2eb20ed31ad1bf1a7c546b
      url: "https://pub.dev"
    source: hosted
    version: "2.1.1"
  package_config:
    dependency: transitive
    description:
      name: package_config
      sha256: "1c5b77ccc91e4823a5af61ee74e6b972db1ef98c2ff5a18d3161c982a55448bd"
      url: "https://pub.dev"
    source: hosted
    version: "2.1.0"
  path:
    dependency: transitive
    description:
      name: path
      sha256: "75cca69d1490965be98c73ceaea117e8a04dd21217b37b292c9ddbec0d955bc5"
      url: "https://pub.dev"
    source: hosted
    version: "1.9.1"
  path_parsing:
    dependency: transitive
    description:
      name: path_parsing
      sha256: e3e67b1629e6f7e8100b367d3db6ba6af4b1f0bb80f64db18ef1fbabd2fa9ccf
      url: "https://pub.dev"
    source: hosted
    version: "1.0.1"
  path_provider:
    dependency: "direct main"
    description:
      name: path_provider
      sha256: "50c5dd5b6e1aaf6fb3a78b33f6aa3afca52bf903a8a5298f53101fdaee55bbcd"
      url: "https://pub.dev"
    source: hosted
    version: "2.1.5"
  path_provider_android:
    dependency: transitive
    description:
      name: path_provider_android
      sha256: bca87b0165ffd7cdb9cad8edd22d18d2201e886d9a9f19b4fb3452ea7df3a72a
      url: "https://pub.dev"
    source: hosted
    version: "2.2.6"
  path_provider_foundation:
    dependency: transitive
    description:
      name: path_provider_foundation
      sha256: f234384a3fdd67f989b4d54a5d73ca2a6c422fa55ae694381ae0f4375cd1ea16
      url: "https://pub.dev"
    source: hosted
    version: "2.4.0"
  path_provider_linux:
    dependency: transitive
    description:
      name: path_provider_linux
      sha256: f7a1fe3a634fe7734c8d3f2766ad746ae2a2884abe22e241a8b301bf5cac3279
      url: "https://pub.dev"
    source: hosted
    version: "2.2.1"
  path_provider_platform_interface:
    dependency: transitive
    description:
      name: path_provider_platform_interface
      sha256: "88f5779f72ba699763fa3a3b06aa4bf6de76c8e5de842cf6f29e2e06476c2334"
      url: "https://pub.dev"
    source: hosted
    version: "2.1.2"
  path_provider_windows:
    dependency: transitive
    description:
      name: path_provider_windows
      sha256: "8bc9f22eee8690981c22aa7fc602f5c85b497a6fb2ceb35ee5a5e5ed85ad8170"
      url: "https://pub.dev"
    source: hosted
    version: "2.2.1"
  percent_indicator:
    dependency: "direct main"
    description:
      name: percent_indicator
      sha256: c37099ad833a883c9d71782321cb65c3a848c21b6939b6185f0ff6640d05814c
      url: "https://pub.dev"
    source: hosted
    version: "4.2.3"
  petitparser:
    dependency: transitive
    description:
      name: petitparser
      sha256: c15605cd28af66339f8eb6fbe0e541bfe2d1b72d5825efc6598f3e0a31b9ad27
      url: "https://pub.dev"
    source: hosted
    version: "6.0.2"
  platform:
    dependency: transitive
    description:
      name: platform
      sha256: "9b71283fc13df574056616011fb138fd3b793ea47cc509c189a6c3fa5f8a1a65"
      url: "https://pub.dev"
    source: hosted
    version: "3.1.5"
  plugin_platform_interface:
    dependency: transitive
    description:
      name: plugin_platform_interface
      sha256: "4820fbfdb9478b1ebae27888254d445073732dae3d6ea81f0b7e06d5dedc3f02"
      url: "https://pub.dev"
    source: hosted
    version: "2.1.8"
  provider:
    dependency: transitive
    description:
      name: provider
      sha256: "489024f942069c2920c844ee18bb3d467c69e48955a4f32d1677f71be103e310"
      url: "https://pub.dev"
    source: hosted
    version: "6.1.4"
  pub_semver:
    dependency: transitive
    description:
      name: pub_semver
      sha256: "40d3ab1bbd474c4c2328c91e3a7df8c6dd629b79ece4c4bd04bee496a224fb0c"
      url: "https://pub.dev"
    source: hosted
    version: "2.1.4"
  rxdart:
    dependency: transitive
    description:
      name: rxdart
      sha256: "5c3004a4a8dbb94bd4bf5412a4def4acdaa12e12f269737a5751369e12d1a962"
      url: "https://pub.dev"
    source: hosted
    version: "0.28.0"
  simple_gesture_detector:
    dependency: transitive
    description:
      name: simple_gesture_detector
      sha256: ba2cd5af24ff20a0b8d609cec3f40e5b0744d2a71804a2616ae086b9c19d19a3
      url: "https://pub.dev"
    source: hosted
    version: "0.2.1"
  sky_engine:
    dependency: transitive
    description: flutter
    source: sdk
    version: "0.0.0"
  source_span:
    dependency: transitive
    description:
      name: source_span
      sha256: "254ee5351d6cb365c859e20ee823c3bb479bf4a293c22d17a9f1bf144ce86f7c"
      url: "https://pub.dev"
    source: hosted
    version: "1.10.1"
  sprintf:
    dependency: transitive
    description:
      name: sprintf
      sha256: "1fc9ffe69d4df602376b52949af107d8f5703b77cda567c4d7d86a0693120f23"
      url: "https://pub.dev"
    source: hosted
    version: "7.0.0"
  sqflite:
    dependency: transitive
    description:
      name: sqflite
      sha256: a43e5a27235518c03ca238e7b4732cf35eabe863a369ceba6cbefa537a66f16d
      url: "https://pub.dev"
    source: hosted
    version: "2.3.3+1"
  sqflite_common:
    dependency: transitive
    description:
      name: sqflite_common
      sha256: "3da423ce7baf868be70e2c0976c28a1bb2f73644268b7ffa7d2e08eab71f16a4"
      url: "https://pub.dev"
    source: hosted
    version: "2.5.4"
  stack_trace:
    dependency: transitive
    description:
      name: stack_trace
      sha256: "8b27215b45d22309b5cddda1aa2b19bdfec9df0e765f2de506401c071d38d1b1"
      url: "https://pub.dev"
    source: hosted
    version: "1.12.1"
  stream_channel:
    dependency: transitive
    description:
      name: stream_channel
      sha256: "969e04c80b8bcdf826f8f16579c7b14d780458bd97f56d107d3950fdbeef059d"
      url: "https://pub.dev"
    source: hosted
    version: "2.1.4"
  string_scanner:
    dependency: transitive
    description:
      name: string_scanner
      sha256: "921cd31725b72fe181906c6a94d987c78e3b98c2e205b397ea399d4054872b43"
      url: "https://pub.dev"
    source: hosted
    version: "1.4.1"
  synchronized:
    dependency: transitive
    description:
      name: synchronized
      sha256: "539ef412b170d65ecdafd780f924e5be3f60032a1128df156adad6c5b373d558"
      url: "https://pub.dev"
    source: hosted
    version: "3.1.0+1"
  table_calendar:
    dependency: "direct main"
    description:
      name: table_calendar
      sha256: "4ca32b2fc919452c9974abd4c6ea611a63e33b9e4f0b8c38dba3ac1f4a6549d1"
      url: "https://pub.dev"
    source: hosted
    version: "3.1.2"
  term_glyph:
    dependency: transitive
    description:
      name: term_glyph
      sha256: "7f554798625ea768a7518313e58f83891c7f5024f88e46e7182a4558850a4b8e"
      url: "https://pub.dev"
    source: hosted
    version: "1.2.2"
  test_api:
    dependency: transitive
    description:
      name: test_api
      sha256: fb31f383e2ee25fbbfe06b40fe21e1e458d14080e3c67e7ba0acfde4df4e0bbd
      url: "https://pub.dev"
    source: hosted
    version: "0.7.4"
  timezone:
    dependency: "direct main"
    description:
      name: timezone
      sha256: ffc9d5f4d1193534ef051f9254063fa53d588609418c84299956c3db9383587d
      url: "https://pub.dev"
    source: hosted
    version: "0.10.0"
  typed_data:
    dependency: transitive
    description:
      name: typed_data
      sha256: facc8d6582f16042dd49f2463ff1bd6e2c9ef9f3d5da3d9b087e244a7b564b3c
      url: "https://pub.dev"
    source: hosted
    version: "1.3.2"
  uuid:
    dependency: transitive
    description:
      name: uuid
      sha256: a5be9ef6618a7ac1e964353ef476418026db906c4facdedaa299b7a2e71690ff
      url: "https://pub.dev"
    source: hosted
    version: "4.5.1"
  vector_graphics:
    dependency: transitive
    description:
      name: vector_graphics
      sha256: "32c3c684e02f9bc0afb0ae0aa653337a2fe022e8ab064bcd7ffda27a74e288e3"
      url: "https://pub.dev"
    source: hosted
    version: "1.1.11+1"
  vector_graphics_codec:
    dependency: transitive
    description:
      name: vector_graphics_codec
      sha256: c86987475f162fadff579e7320c7ddda04cd2fdeffbe1129227a85d9ac9e03da
      url: "https://pub.dev"
    source: hosted
    version: "1.1.11+1"
  vector_graphics_compiler:
    dependency: transitive
    description:
      name: vector_graphics_compiler
      sha256: "12faff3f73b1741a36ca7e31b292ddeb629af819ca9efe9953b70bd63fc8cd81"
      url: "https://pub.dev"
    source: hosted
    version: "1.1.11+1"
  vector_math:
    dependency: transitive
    description:
      name: vector_math
      sha256: "80b3257d1492ce4d091729e3a67a60407d227c27241d6927be0130c98e741803"
      url: "https://pub.dev"
    source: hosted
    version: "2.1.4"
  vm_service:
    dependency: transitive
    description:
      name: vm_service
      sha256: "0968250880a6c5fe7edc067ed0a13d4bae1577fe2771dcf3010d52c4a9d3ca14"
      url: "https://pub.dev"
    source: hosted
    version: "14.3.1"
  watcher:
    dependency: "direct main"
    description:
      name: watcher
      sha256: "3d2ad6751b3c16cf07c7fca317a1413b3f26530319181b37e3b9039b84fc01d8"
      url: "https://pub.dev"
    source: hosted
    version: "1.1.0"
  web:
    dependency: transitive
    description:
      name: web
      sha256: "868d88a33d8a87b18ffc05f9f030ba328ffefba92d6c127917a2ba740f9cfe4a"
      url: "https://pub.dev"
    source: hosted
    version: "1.1.1"
  win32:
    dependency: transitive
    description:
      name: win32
      sha256: dc6ecaa00a7c708e5b4d10ee7bec8c270e9276dfcab1783f57e9962d7884305f
      url: "https://pub.dev"
    source: hosted
    version: "5.12.0"
  windows_notification:
    dependency: "direct main"
    description:
      name: windows_notification
      sha256: "963482b068a9fc792832cf229f66953d4426ad4a46a99e03a26cd17313c3b2bf"
      url: "https://pub.dev"
    source: hosted
    version: "1.2.0"
  windows_taskbar:
    dependency: "direct main"
    description:
      name: windows_taskbar
      sha256: "204edfdb280a7053febdf50fc9b49b3c007255bd8a83c082d10c174ec6548f33"
      url: "https://pub.dev"
    source: hosted
    version: "1.1.2"
  xdg_directories:
    dependency: transitive
    description:
      name: xdg_directories
      sha256: faea9dee56b520b55a566385b84f2e8de55e7496104adada9962e0bd11bcff1d
      url: "https://pub.dev"
    source: hosted
    version: "1.0.4"
  xml:
    dependency: transitive
    description:
      name: xml
      sha256: b015a8ad1c488f66851d762d3090a21c600e479dc75e68328c52774040cf9226
      url: "https://pub.dev"
    source: hosted
    version: "6.5.0"
  yaml:
    dependency: transitive
    description:
      name: yaml
      sha256: "75769501ea3489fca56601ff33454fe45507ea3bfb014161abc3b43ae25989d5"
      url: "https://pub.dev"
    source: hosted
    version: "3.1.2"
sdks:
  dart: ">=3.7.0 <4.0.0"
  flutter: ">=3.27.0"
